
Microsoft Visual Studio Solution File, Format Version 12.00
# Visual Studio Version 16
VisualStudioVersion = 16.0.30717.126
MinimumVisualStudioVersion = 10.0.40219.1
Project("{9A19103F-16F7-4668-BE54-9A1E7A4F7556}") = "Lyut.BehaviourTree", "BehaviourTree\Lyut.BehaviourTree.csproj", "{B1ECA5EF-14E9-466A-9A4F-2D5B811A23FC}"
EndProject
Project("{9A19103F-16F7-4668-BE54-9A1E7A4F7556}") = "BehaviourTree.Example", "Examples\BehaviourTree.Example\BehaviourTree.Example.csproj", "{2A7BD440-2783-4AA6-8763-AAA5227E341B}"
EndProject
Project("{9A19103F-16F7-4668-BE54-9A1E7A4F7556}") = "Lyut.Grid", "Grid\Lyut.Grid.csproj", "{AD4E93E1-FF46-4447-9DCA-4EAD4C40FFCF}"
EndProject
Global
	GlobalSection(SolutionConfigurationPlatforms) = preSolution
		Debug|Any CPU = Debug|Any CPU
		Release|Any CPU = Release|Any CPU
	EndGlobalSection
	GlobalSection(ProjectConfigurationPlatforms) = postSolution
		{B1ECA5EF-14E9-466A-9A4F-2D5B811A23FC}.Debug|Any CPU.ActiveCfg = Debug|Any CPU
		{B1ECA5EF-14E9-466A-9A4F-2D5B811A23FC}.Debug|Any CPU.Build.0 = Debug|Any CPU
		{B1ECA5EF-14E9-466A-9A4F-2D5B811A23FC}.Release|Any CPU.ActiveCfg = Release|Any CPU
		{B1ECA5EF-14E9-466A-9A4F-2D5B811A23FC}.Release|Any CPU.Build.0 = Release|Any CPU
		{2A7BD440-2783-4AA6-8763-AAA5227E341B}.Debug|Any CPU.ActiveCfg = Debug|Any CPU
		{2A7BD440-2783-4AA6-8763-AAA5227E341B}.Debug|Any CPU.Build.0 = Debug|Any CPU
		{2A7BD440-2783-4AA6-8763-AAA5227E341B}.Release|Any CPU.ActiveCfg = Release|Any CPU
		{2A7BD440-2783-4AA6-8763-AAA5227E341B}.Release|Any CPU.Build.0 = Release|Any CPU
		{AD4E93E1-FF46-4447-9DCA-4EAD4C40FFCF}.Debug|Any CPU.ActiveCfg = Debug|Any CPU
		{AD4E93E1-FF46-4447-9DCA-4EAD4C40FFCF}.Debug|Any CPU.Build.0 = Debug|Any CPU
		{AD4E93E1-FF46-4447-9DCA-4EAD4C40FFCF}.Release|Any CPU.ActiveCfg = Release|Any CPU
		{AD4E93E1-FF46-4447-9DCA-4EAD4C40FFCF}.Release|Any CPU.Build.0 = Release|Any CPU
	EndGlobalSection
	GlobalSection(SolutionProperties) = preSolution
		HideSolutionNode = FALSE
	EndGlobalSection
	GlobalSection(ExtensibilityGlobals) = postSolution
		SolutionGuid = {3D4B95B7-6EDB-4B4F-A143-EF660C24E106}
	EndGlobalSection
EndGlobal
